
Microsoft Visual Studio Solution File, Format Version 12.00
# Visual Studio Version 16
VisualStudioVersion = 16.0.31702.278
MinimumVisualStudioVersion = 10.0.40219.1
Project("{FAE04EC0-301F-11D3-BF4B-00C04F79EFBC}") = "Sistema_Cantina", "Sistema_Cantina.csproj", "{A8422C59-22DD-477B-955E-F9F441EEF2D5}"
EndProject
Global
	GlobalSection(SolutionConfigurationPlatforms) = preSolution
		Debug|Any CPU = Debug|Any CPU
		Release|Any CPU = Release|Any CPU
	EndGlobalSection
	GlobalSection(ProjectConfigurationPlatforms) = postSolution
		{A8422C59-22DD-477B-955E-F9F441EEF2D5}.Debug|Any CPU.ActiveCfg = Debug|Any CPU
		{A8422C59-22DD-477B-955E-F9F441EEF2D5}.Debug|Any CPU.Build.0 = Debug|Any CPU
		{A8422C59-22DD-477B-955E-F9F441EEF2D5}.Release|Any CPU.ActiveCfg = Release|Any CPU
		{A8422C59-22DD-477B-955E-F9F441EEF2D5}.Release|Any CPU.Build.0 = Release|Any CPU
	EndGlobalSection
	GlobalSection(SolutionProperties) = preSolution
		HideSolutionNode = FALSE
	EndGlobalSection
	GlobalSection(ExtensibilityGlobals) = postSolution
		SolutionGuid = {8A69DF7C-0E7E-4AB6-AC2B-197B80594EA9}
	EndGlobalSection
EndGlobal
