
Microsoft Visual Studio Solution File, Format Version 12.00
# Visual Studio Version 16
VisualStudioVersion = 16.0.31702.278
MinimumVisualStudioVersion = 10.0.40219.1
Project("{FAE04EC0-301F-11D3-BF4B-00C04F79EFBC}") = "Calculos_Basicos", "Calculos_Basicos.csproj", "{1F673B8F-82A3-43F0-9781-62C8BB6650E1}"
EndProject
Global
	GlobalSection(SolutionConfigurationPlatforms) = preSolution
		Debug|Any CPU = Debug|Any CPU
		Release|Any CPU = Release|Any CPU
	EndGlobalSection
	GlobalSection(ProjectConfigurationPlatforms) = postSolution
		{1F673B8F-82A3-43F0-9781-62C8BB6650E1}.Debug|Any CPU.ActiveCfg = Debug|Any CPU
		{1F673B8F-82A3-43F0-9781-62C8BB6650E1}.Debug|Any CPU.Build.0 = Debug|Any CPU
		{1F673B8F-82A3-43F0-9781-62C8BB6650E1}.Release|Any CPU.ActiveCfg = Release|Any CPU
		{1F673B8F-82A3-43F0-9781-62C8BB6650E1}.Release|Any CPU.Build.0 = Release|Any CPU
	EndGlobalSection
	GlobalSection(SolutionProperties) = preSolution
		HideSolutionNode = FALSE
	EndGlobalSection
	GlobalSection(ExtensibilityGlobals) = postSolution
		SolutionGuid = {7E1E8244-6744-4B7D-BEB4-EBEC63DA8C6A}
	EndGlobalSection
EndGlobal
