
Microsoft Visual Studio Solution File, Format Version 12.00
# Visual Studio Version 16
VisualStudioVersion = 16.0.31702.278
MinimumVisualStudioVersion = 10.0.40219.1
Project("{FAE04EC0-301F-11D3-BF4B-00C04F79EFBC}") = "Conceito_While", "Conceito_While.csproj", "{A8CAC8A8-08BA-423C-A406-94A2D220B610}"
EndProject
Global
	GlobalSection(SolutionConfigurationPlatforms) = preSolution
		Debug|Any CPU = Debug|Any CPU
		Release|Any CPU = Release|Any CPU
	EndGlobalSection
	GlobalSection(ProjectConfigurationPlatforms) = postSolution
		{A8CAC8A8-08BA-423C-A406-94A2D220B610}.Debug|Any CPU.ActiveCfg = Debug|Any CPU
		{A8CAC8A8-08BA-423C-A406-94A2D220B610}.Debug|Any CPU.Build.0 = Debug|Any CPU
		{A8CAC8A8-08BA-423C-A406-94A2D220B610}.Release|Any CPU.ActiveCfg = Release|Any CPU
		{A8CAC8A8-08BA-423C-A406-94A2D220B610}.Release|Any CPU.Build.0 = Release|Any CPU
	EndGlobalSection
	GlobalSection(SolutionProperties) = preSolution
		HideSolutionNode = FALSE
	EndGlobalSection
	GlobalSection(ExtensibilityGlobals) = postSolution
		SolutionGuid = {F462143E-5BF1-4A26-A0CD-A398D02F2BF5}
	EndGlobalSection
EndGlobal
